
Microsoft Visual Studio Solution File, Format Version 12.00
# Visual Studio Version 17
VisualStudioVersion = 17.8.34330.188
MinimumVisualStudioVersion = 10.0.40219.1
Project("{FAE04EC0-301F-11D3-BF4B-00C04F79EFBC}") = "switchCase", "switchCase\switchCase.csproj", "{78C9CA50-35B3-424A-A64E-EC7C68566C74}"
EndProject
Project("{FAE04EC0-301F-11D3-BF4B-00C04F79EFBC}") = "sepetHesapApp", "sepetHesapApp\sepetHesapApp.csproj", "{20A37E02-8F4A-4EE9-A9B8-381EE6098ADB}"
EndProject
Project("{FAE04EC0-301F-11D3-BF4B-00C04F79EFBC}") = "whileLoops", "whileLoops\whileLoops.csproj", "{BBE22A11-D749-4F62-A692-ECF3F51F0669}"
EndProject
Project("{FAE04EC0-301F-11D3-BF4B-00C04F79EFBC}") = "mukemmelSayi", "mukemmelSayi\mukemmelSayi.csproj", "{7DFEF076-6DF9-4263-A4D5-6FE6F686F50A}"
EndProject
Project("{FAE04EC0-301F-11D3-BF4B-00C04F79EFBC}") = "stringMethods", "stringMethods\stringMethods.csproj", "{CA868FB3-54F6-47B0-AAB4-2309DC8B4BB1}"
EndProject
Project("{FAE04EC0-301F-11D3-BF4B-00C04F79EFBC}") = "sinavNotu", "sinavNotu\sinavNotu.csproj", "{686CE2BD-AE44-4584-B42E-A6CDA7D86E03}"
EndProject
Global
	GlobalSection(SolutionConfigurationPlatforms) = preSolution
		Debug|Any CPU = Debug|Any CPU
		Release|Any CPU = Release|Any CPU
	EndGlobalSection
	GlobalSection(ProjectConfigurationPlatforms) = postSolution
		{78C9CA50-35B3-424A-A64E-EC7C68566C74}.Debug|Any CPU.ActiveCfg = Debug|Any CPU
		{78C9CA50-35B3-424A-A64E-EC7C68566C74}.Debug|Any CPU.Build.0 = Debug|Any CPU
		{78C9CA50-35B3-424A-A64E-EC7C68566C74}.Release|Any CPU.ActiveCfg = Release|Any CPU
		{78C9CA50-35B3-424A-A64E-EC7C68566C74}.Release|Any CPU.Build.0 = Release|Any CPU
		{20A37E02-8F4A-4EE9-A9B8-381EE6098ADB}.Debug|Any CPU.ActiveCfg = Debug|Any CPU
		{20A37E02-8F4A-4EE9-A9B8-381EE6098ADB}.Debug|Any CPU.Build.0 = Debug|Any CPU
		{20A37E02-8F4A-4EE9-A9B8-381EE6098ADB}.Release|Any CPU.ActiveCfg = Release|Any CPU
		{20A37E02-8F4A-4EE9-A9B8-381EE6098ADB}.Release|Any CPU.Build.0 = Release|Any CPU
		{BBE22A11-D749-4F62-A692-ECF3F51F0669}.Debug|Any CPU.ActiveCfg = Debug|Any CPU
		{BBE22A11-D749-4F62-A692-ECF3F51F0669}.Debug|Any CPU.Build.0 = Debug|Any CPU
		{BBE22A11-D749-4F62-A692-ECF3F51F0669}.Release|Any CPU.ActiveCfg = Release|Any CPU
		{BBE22A11-D749-4F62-A692-ECF3F51F0669}.Release|Any CPU.Build.0 = Release|Any CPU
		{7DFEF076-6DF9-4263-A4D5-6FE6F686F50A}.Debug|Any CPU.ActiveCfg = Debug|Any CPU
		{7DFEF076-6DF9-4263-A4D5-6FE6F686F50A}.Debug|Any CPU.Build.0 = Debug|Any CPU
		{7DFEF076-6DF9-4263-A4D5-6FE6F686F50A}.Release|Any CPU.ActiveCfg = Release|Any CPU
		{7DFEF076-6DF9-4263-A4D5-6FE6F686F50A}.Release|Any CPU.Build.0 = Release|Any CPU
		{CA868FB3-54F6-47B0-AAB4-2309DC8B4BB1}.Debug|Any CPU.ActiveCfg = Debug|Any CPU
		{CA868FB3-54F6-47B0-AAB4-2309DC8B4BB1}.Debug|Any CPU.Build.0 = Debug|Any CPU
		{CA868FB3-54F6-47B0-AAB4-2309DC8B4BB1}.Release|Any CPU.ActiveCfg = Release|Any CPU
		{CA868FB3-54F6-47B0-AAB4-2309DC8B4BB1}.Release|Any CPU.Build.0 = Release|Any CPU
		{686CE2BD-AE44-4584-B42E-A6CDA7D86E03}.Debug|Any CPU.ActiveCfg = Debug|Any CPU
		{686CE2BD-AE44-4584-B42E-A6CDA7D86E03}.Debug|Any CPU.Build.0 = Debug|Any CPU
		{686CE2BD-AE44-4584-B42E-A6CDA7D86E03}.Release|Any CPU.ActiveCfg = Release|Any CPU
		{686CE2BD-AE44-4584-B42E-A6CDA7D86E03}.Release|Any CPU.Build.0 = Release|Any CPU
	EndGlobalSection
	GlobalSection(SolutionProperties) = preSolution
		HideSolutionNode = FALSE
	EndGlobalSection
	GlobalSection(ExtensibilityGlobals) = postSolution
		SolutionGuid = {81A82002-FF92-4AB1-ACA9-1C56169E9B3E}
	EndGlobalSection
EndGlobal
